
Microsoft Visual Studio Solution File, Format Version 12.00
# Visual Studio Version 17
VisualStudioVersion = 17.8.34511.84
MinimumVisualStudioVersion = 10.0.40219.1
Project("{F184B08F-C81C-45F6-A57F-5ABD9991F28F}") = "ANASUNUCU", "ANASUNUCU.vbproj", "{A0A2F4A9-8387-4DE8-9E94-47D57F7741D7}"
EndProject
Global
	GlobalSection(SolutionConfigurationPlatforms) = preSolution
		Debug|Any CPU = Debug|Any CPU
		Release|Any CPU = Release|Any CPU
	EndGlobalSection
	GlobalSection(ProjectConfigurationPlatforms) = postSolution
		{A0A2F4A9-8387-4DE8-9E94-47D57F7741D7}.Debug|Any CPU.ActiveCfg = Debug|Any CPU
		{A0A2F4A9-8387-4DE8-9E94-47D57F7741D7}.Debug|Any CPU.Build.0 = Debug|Any CPU
		{A0A2F4A9-8387-4DE8-9E94-47D57F7741D7}.Release|Any CPU.ActiveCfg = Release|Any CPU
		{A0A2F4A9-8387-4DE8-9E94-47D57F7741D7}.Release|Any CPU.Build.0 = Release|Any CPU
	EndGlobalSection
	GlobalSection(SolutionProperties) = preSolution
		HideSolutionNode = FALSE
	EndGlobalSection
	GlobalSection(ExtensibilityGlobals) = postSolution
		SolutionGuid = {2C1476A2-264C-42C5-8CE4-36D8B4A239FB}
	EndGlobalSection
EndGlobal
